PODS:
  - AXPhotoViewer (1.2.1):
    - AXPhotoViewer/Lite (= 1.2.1)
  - AXPhotoViewer/Core (1.2.1):
    - FLAnimatedImage (>= 1.0.0)
  - AXPhotoViewer/Lite (1.2.1):
    - AXPhotoViewer/Core
  - DRPLoadingSpinner (1.3.0):
    - DRPLoadingSpinner/core (= 1.3.0)
  - DRPLoadingSpinner/core (1.3.0)
  - FLAnimatedImage (1.0.12)
  - Reveal-SDK (8)

DEPENDENCIES:
  - AXPhotoViewer (from `../AXPhotoViewer.podspec`)
  - DRPLoadingSpinner
  - Reveal-SDK

EXTERNAL SOURCES:
  AXPhotoViewer:
    :path: "../AXPhotoViewer.podspec"

SPEC CHECKSUMS:
  AXPhotoViewer: 438426ae37e06b421b34c4463834018328c3a9d1
  DRPLoadingSpinner: ea8edd542a61da6fae3ec868676a5c8b3072dcf7
  FLAnimatedImage: 4a0b56255d9b05f18b6dd7ee06871be5d3b89e31
  Reveal-SDK: 43be4e662864e937960d0d04d005135e29c4e53b

PODFILE CHECKSUM: 1a5082e76b10da00185af6bc764589b7a551e257

COCOAPODS: 1.2.1
