// !$*UTF8*$!
{
	archiveVersion = 1;
	classes = {
	};
	objectVersion = 46;
	objects = {

/* Begin PBXBuildFile section */
		FADAB2E81EBF908F00D0ABF3 /* AppDelegate.swift in Sources */ = {isa = PBXBuildFile; fileRef = FADAB2E71EBF908F00D0ABF3 /* AppDelegate.swift */; };
		FADAB2EA1EBF908F00D0ABF3 /* ViewController.swift in Sources */ = {isa = PBXBuildFile; fileRef = FADAB2E91EBF908F00D0ABF3 /* ViewController.swift */; };
		FADAB2ED1EBF908F00D0ABF3 /* Main.storyboard in Resources */ = {isa = PBXBuildFile; fileRef = FADAB2EB1EBF908F00D0ABF3 /* Main.storyboard */; };
		FADAB2EF1EBF908F00D0ABF3 /* Assets.xcassets in Resources */ = {isa = PBXBuildFile; fileRef = FADAB2EE1EBF908F00D0ABF3 /* Assets.xcassets */; };
		FADAB2F21EBF908F00D0ABF3 /* LaunchScreen.storyboard in Resources */ = {isa = PBXBuildFile; fileRef = FADAB2F01EBF908F00D0ABF3 /* LaunchScreen.storyboard */; };
/* End PBXBuildFile section */

/* Begin PBXFileReference section */
		FADAB2E41EBF908F00D0ABF3 /* BAPhotosViewController.app */ = {isa = PBXFileReference; explicitFileType = wrapper.application; includeInIndex = 0; path = BAPhotosViewController.app; sourceTree = BUILT_PRODUCTS_DIR; };
		FADAB2E71EBF908F00D0ABF3 /* AppDelegate.swift */ = {isa = PBXFileReference; lastKnownFileType = sourcecode.swift; path = AppDelegate.swift; sourceTree = "<group>"; };
		FADAB2E91EBF908F00D0ABF3 /* ViewController.swift */ = {isa = PBXFileReference; lastKnownFileType = sourcecode.swift; path = ViewController.swift; sourceTree = "<group>"; };
		FADAB2EC1EBF908F00D0ABF3 /* Base */ = {isa = PBXFileReference; lastKnownFileType = file.storyboard; name = Base; path = Base.lproj/Main.storyboard; sourceTree = "<group>"; };
		FADAB2EE1EBF908F00D0ABF3 /* Assets.xcassets */ = {isa = PBXFileReference; lastKnownFileType = folder.assetcatalog; path = Assets.xcassets; sourceTree = "<group>"; };
		FADAB2F11EBF908F00D0ABF3 /* Base */ = {isa = PBXFileReference; lastKnownFileType = file.storyboard; name = Base; path = Base.lproj/LaunchScreen.storyboard; sourceTree = "<group>"; };
		FADAB2F31EBF908F00D0ABF3 /* Info.plist */ = {isa = PBXFileReference; lastKnownFileType = text.plist.xml; path = Info.plist; sourceTree = "<group>"; };
/* End PBXFileReference section */

/* Begin PBXFrameworksBuildPhase section */
		FADAB2E11EBF908F00D0ABF3 /* Frameworks */ = {
			isa = PBXFrameworksBuildPhase;
			buildActionMask = 2147483647;
			files = (
			);
			runOnlyForDeploymentPostprocessing = 0;
		};
/* End PBXFrameworksBuildPhase section */

/* Begin PBXGroup section */
		FADAB2DB1EBF908F00D0ABF3 = {
			isa = PBXGroup;
			children = (
				FADAB2E61EBF908F00D0ABF3 /* BAPhotosViewController */,
				FADAB2E51EBF908F00D0ABF3 /* Products */,
			);
			sourceTree = "<group>";
		};
		FADAB2E51EBF908F00D0ABF3 /* Products */ = {
			isa = PBXGroup;
			children = (
				FADAB2E41EBF908F00D0ABF3 /* BAPhotosViewController.app */,
			);
			name = Products;
			sourceTree = "<group>";
		};
		FADAB2E61EBF908F00D0ABF3 /* BAPhotosViewController */ = {
			isa = PBXGroup;
			children = (
				FADAB2E71EBF908F00D0ABF3 /* AppDelegate.swift */,
				FADAB2E91EBF908F00D0ABF3 /* ViewController.swift */,
				FADAB2EB1EBF908F00D0ABF3 /* Main.storyboard */,
				FADAB2EE1EBF908F00D0ABF3 /* Assets.xcassets */,
				FADAB2F01EBF908F00D0ABF3 /* LaunchScreen.storyboard */,
				FADAB2F31EBF908F00D0ABF3 /* Info.plist */,
			);
			path = BAPhotosViewController;
			sourceTree = "<group>";
		};
/* End PBXGroup section */

/* Begin PBXNativeTarget section */
		FADAB2E31EBF908F00D0ABF3 /* BAPhotosViewController */ = {
			isa = PBXNativeTarget;
			buildConfigurationList = FADAB2F61EBF908F00D0ABF3 /* Build configuration list for PBXNativeTarget "BAPhotosViewController" */;
			buildPhases = (
				FADAB2E01EBF908F00D0ABF3 /* Sources */,
				FADAB2E11EBF908F00D0ABF3 /* Frameworks */,
				FADAB2E21EBF908F00D0ABF3 /* Resources */,
			);
			buildRules = (
			);
			dependencies = (
			);
			name = BAPhotosViewController;
			productName = BAPhotosViewController;
			productReference = FADAB2E41EBF908F00D0ABF3 /* BAPhotosViewController.app */;
			productType = "com.apple.product-type.application";
		};
/* End PBXNativeTarget section */

/* Begin PBXProject section */
		FADAB2DC1EBF908F00D0ABF3 /* Project object */ = {
			isa = PBXProject;
			attributes = {
				LastSwiftUpdateCheck = 0830;
				LastUpgradeCheck = 0830;
				ORGANIZATIONNAME = "Alex Hill";
				TargetAttributes = {
					FADAB2E31EBF908F00D0ABF3 = {
						CreatedOnToolsVersion = 8.3;
						ProvisioningStyle = Automatic;
					};
				};
			};
			buildConfigurationList = FADAB2DF1EBF908F00D0ABF3 /* Build configuration list for PBXProject "BAPhotosViewController" */;
			compatibilityVersion = "Xcode 3.2";
			developmentRegion = English;
			hasScannedForEncodings = 0;
			knownRegions = (
				en,
				Base,
			);
			mainGroup = FADAB2DB1EBF908F00D0ABF3;
			productRefGroup = FADAB2E51EBF908F00D0ABF3 /* Products */;
			projectDirPath = "";
			projectRoot = "";
			targets = (
				FADAB2E31EBF908F00D0ABF3 /* BAPhotosViewController */,
			);
		};
/* End PBXProject section */

/* Begin PBXResourcesBuildPhase section */
		FADAB2E21EBF908F00D0ABF3 /* Resources */ = {
			isa = PBXResourcesBuildPhase;
			buildActionMask = 2147483647;
			files = (
				FADAB2F21EBF908F00D0ABF3 /* LaunchScreen.storyboard in Resources */,
				FADAB2EF1EBF908F00D0ABF3 /* Assets.xcassets in Resources */,
				FADAB2ED1EBF908F00D0ABF3 /* Main.storyboard in Resources */,
			);
			runOnlyForDeploymentPostprocessing = 0;
		};
/* End PBXResourcesBuildPhase section */

/* Begin PBXSourcesBuildPhase section */
		FADAB2E01EBF908F00D0ABF3 /* Sources */ = {
			isa = PBXSourcesBuildPhase;
			buildActionMask = 2147483647;
			files = (
				FADAB2EA1EBF908F00D0ABF3 /* ViewController.swift in Sources */,
				FADAB2E81EBF908F00D0ABF3 /* AppDelegate.swift in Sources */,
			);
			runOnlyForDeploymentPostprocessing = 0;
		};
/* End PBXSourcesBuildPhase section */

/* Begin PBXVariantGroup section */
		FADAB2EB1EBF908F00D0ABF3 /* Main.storyboard */ = {
			isa = PBXVariantGroup;
			children = (
				FADAB2EC1EBF908F00D0ABF3 /* Base */,
			);
			name = Main.storyboard;
			sourceTree = "<group>";
		};
		FADAB2F01EBF908F00D0ABF3 /* LaunchScreen.storyboard */ = {
			isa = PBXVariantGroup;
			children = (
				FADAB2F11EBF908F00D0ABF3 /* Base */,
			);
			name = LaunchScreen.storyboard;
			sourceTree = "<group>";
		};
/* End PBXVariantGroup section */

/* Begin XCBuildConfiguration section */
		FADAB2F41EBF908F00D0ABF3 /* Debug */ = {
			isa = XCBuildConfiguration;
			buildSettings = {
				ALWAYS_SEARCH_USER_PATHS = NO;
				CLANG_ANALYZER_NONNULL = YES;
				CLANG_ANALYZER_NUMBER_OBJECT_CONVERSION = YES_AGGRESSIVE;
				CLANG_CXX_LANGUAGE_STANDARD = "gnu++0x";
				CLANG_CXX_LIBRARY = "libc++";
				CLANG_ENABLE_MODULES = YES;
				CLANG_ENABLE_OBJC_ARC = YES;
				CLANG_WARN_BOOL_CONVERSION = YES;
				CLANG_WARN_CONSTANT_CONVERSION = YES;
				CLANG_WARN_DIRECT_OBJC_ISA_USAGE = YES_ERROR;
				CLANG_WARN_DOCUMENTATION_COMMENTS = YES;
				CLANG_WARN_EMPTY_BODY = YES;
				CLANG_WARN_ENUM_CONVERSION = YES;
				CLANG_WARN_INFINITE_RECURSION = YES;
				CLANG_WARN_INT_CONVERSION = YES;
				CLANG_WARN_OBJC_ROOT_CLASS = YES_ERROR;
				CLANG_WARN_SUSPICIOUS_MOVE = YES;
				CLANG_WARN_UNREACHABLE_CODE = YES;
				CLANG_WARN__DUPLICATE_METHOD_MATCH = YES;
				"CODE_SIGN_IDENTITY[sdk=iphoneos*]" = "iPhone Developer";
				COPY_PHASE_STRIP = NO;
				DEBUG_INFORMATION_FORMAT = dwarf;
				ENABLE_STRICT_OBJC_MSGSEND = YES;
				ENABLE_TESTABILITY = YES;
				GCC_C_LANGUAGE_STANDARD = gnu99;
				GCC_DYNAMIC_NO_PIC = NO;
				GCC_NO_COMMON_BLOCKS = YES;
				GCC_OPTIMIZATION_LEVEL = 0;
				GCC_PREPROCESSOR_DEFINITIONS = (
					"DEBUG=1",
					"$(inherited)",
				);
				GCC_WARN_64_TO_32_BIT_CONVERSION = YES;
				GCC_WARN_ABOUT_RETURN_TYPE = YES_ERROR;
				GCC_WARN_UNDECLARED_SELECTOR = YES;
				GCC_WARN_UNINITIALIZED_AUTOS = YES_AGGRESSIVE;
				GCC_WARN_UNUSED_FUNCTION = YES;
				GCC_WARN_UNUSED_VARIABLE = YES;
				IPHONEOS_DEPLOYMENT_TARGET = 10.3;
				MTL_ENABLE_DEBUG_INFO = YES;
				ONLY_ACTIVE_ARCH = YES;
				SDKROOT = iphoneos;
				SWIFT_ACTIVE_COMPILATION_CONDITIONS = DEBUG;
				SWIFT_OPTIMIZATION_LEVEL = "-Onone";
				TARGETED_DEVICE_FAMILY = "1,2";
			};
			name = Debug;
		};
		FADAB2F51EBF908F00D0ABF3 /* Release */ = {
			isa = XCBuildConfiguration;
			buildSettings = {
				ALWAYS_SEARCH_USER_PATHS = NO;
				CLANG_ANALYZER_NONNULL = YES;
				CLANG_ANALYZER_NUMBER_OBJECT_CONVERSION = YES_AGGRESSIVE;
				CLANG_CXX_LANGUAGE_STANDARD = "gnu++0x";
				CLANG_CXX_LIBRARY = "libc++";
				CLANG_ENABLE_MODULES = YES;
				CLANG_ENABLE_OBJC_ARC = YES;
				CLANG_WARN_BOOL_CONVERSION = YES;
				CLANG_WARN_CONSTANT_CONVERSION = YES;
				CLANG_WARN_DIRECT_OBJC_ISA_USAGE = YES_ERROR;
				CLANG_WARN_DOCUMENTATION_COMMENTS = YES;
				CLANG_WARN_EMPTY_BODY = YES;
				CLANG_WARN_ENUM_CONVERSION = YES;
				CLANG_WARN_INFINITE_RECURSION = YES;
				CLANG_WARN_INT_CONVERSION = YES;
				CLANG_WARN_OBJC_ROOT_CLASS = YES_ERROR;
				CLANG_WARN_SUSPICIOUS_MOVE = YES;
				CLANG_WARN_UNREACHABLE_CODE = YES;
				CLANG_WARN__DUPLICATE_METHOD_MATCH = YES;
				"CODE_SIGN_IDENTITY[sdk=iphoneos*]" = "iPhone Developer";
				COPY_PHASE_STRIP = NO;
				DEBUG_INFORMATION_FORMAT = "dwarf-with-dsym";
				ENABLE_NS_ASSERTIONS = NO;
				ENABLE_STRICT_OBJC_MSGSEND = YES;
				GCC_C_LANGUAGE_STANDARD = gnu99;
				GCC_NO_COMMON_BLOCKS = YES;
				GCC_WARN_64_TO_32_BIT_CONVERSION = YES;
				GCC_WARN_ABOUT_RETURN_TYPE = YES_ERROR;
				GCC_WARN_UNDECLARED_SELECTOR = YES;
				GCC_WARN_UNINITIALIZED_AUTOS = YES_AGGRESSIVE;
				GCC_WARN_UNUSED_FUNCTION = YES;
				GCC_WARN_UNUSED_VARIABLE = YES;
				IPHONEOS_DEPLOYMENT_TARGET = 10.3;
				MTL_ENABLE_DEBUG_INFO = NO;
				SDKROOT = iphoneos;
				SWIFT_OPTIMIZATION_LEVEL = "-Owholemodule";
				TARGETED_DEVICE_FAMILY = "1,2";
				VALIDATE_PRODUCT = YES;
			};
			name = Release;
		};
		FADAB2F71EBF908F00D0ABF3 /* Debug */ = {
			isa = XCBuildConfiguration;
			buildSettings = {
				ASSETCATALOG_COMPILER_APPICON_NAME = AppIcon;
				INFOPLIST_FILE = BAPhotosViewController/Info.plist;
				LD_RUNPATH_SEARCH_PATHS = "$(inherited) @executable_path/Frameworks";
				PRODUCT_BUNDLE_IDENTIFIER = com.bapbap.BAPhotosViewController;
				PRODUCT_NAME = "$(TARGET_NAME)";
				SWIFT_VERSION = 3.0;
			};
			name = Debug;
		};
		FADAB2F81EBF908F00D0ABF3 /* Release */ = {
			isa = XCBuildConfiguration;
			buildSettings = {
				ASSETCATALOG_COMPILER_APPICON_NAME = AppIcon;
				INFOPLIST_FILE = BAPhotosViewController/Info.plist;
				LD_RUNPATH_SEARCH_PATHS = "$(inherited) @executable_path/Frameworks";
				PRODUCT_BUNDLE_IDENTIFIER = com.bapbap.BAPhotosViewController;
				PRODUCT_NAME = "$(TARGET_NAME)";
				SWIFT_VERSION = 3.0;
			};
			name = Release;
		};
/* End XCBuildConfiguration section */

/* Begin XCConfigurationList section */
		FADAB2DF1EBF908F00D0ABF3 /* Build configuration list for PBXProject "BAPhotosViewController" */ = {
			isa = XCConfigurationList;
			buildConfigurations = (
				FADAB2F41EBF908F00D0ABF3 /* Debug */,
				FADAB2F51EBF908F00D0ABF3 /* Release */,
			);
			defaultConfigurationIsVisible = 0;
			defaultConfigurationName = Release;
		};
		FADAB2F61EBF908F00D0ABF3 /* Build configuration list for PBXNativeTarget "BAPhotosViewController" */ = {
			isa = XCConfigurationList;
			buildConfigurations = (
				FADAB2F71EBF908F00D0ABF3 /* Debug */,
				FADAB2F81EBF908F00D0ABF3 /* Release */,
			);
			defaultConfigurationIsVisible = 0;
		};
/* End XCConfigurationList section */
	};
	rootObject = FADAB2DC1EBF908F00D0ABF3 /* Project object */;
}
