PODS:
  - AFNetworking/NSURLSession (3.2.0):
    - AFNetworking/Reachability
    - AFNetworking/Security
    - AFNetworking/Serialization
  - AFNetworking/Reachability (3.2.0)
  - AFNetworking/Security (3.2.0)
  - AFNetworking/Serialization (3.2.0)
  - AXPhotoViewer/AFNetworking (1.3.6):
    - AFNetworking/NSURLSession (>= 3.1.0)
    - AXPhotoViewer/Core
  - AXPhotoViewer/Core (1.3.6):
    - AXStateButton (>= 1.1.3)
    - FLAnimatedImage (>= 1.0.0)
  - AXStateButton (1.1.4)
  - DRPLoadingSpinner (1.3.1):
    - DRPLoadingSpinner/core (= 1.3.1)
  - DRPLoadingSpinner/core (1.3.1)
  - FLAnimatedImage (1.0.12)
  - Reveal-SDK (13)

DEPENDENCIES:
  - AXPhotoViewer/AFNetworking (from `../../AXPhotoViewer.podspec`)
  - DRPLoadingSpinner
  - Reveal-SDK

EXTERNAL SOURCES:
  AXPhotoViewer:
    :path: ../../AXPhotoViewer.podspec

SPEC CHECKSUMS:
  AFNetworking: 8ac6017b94ea105479f7776e5288e48ae9c59bb4
  AXPhotoViewer: 2ac0ca4ca57df418af6accb4b16210985bb74d0a
  AXStateButton: 6c515a433e37551505046429b5be04c12daa8c07
  DRPLoadingSpinner: 725e530bf4ebe2cc351b1fbc94d24fe8ac3300fd
  FLAnimatedImage: 4a0b56255d9b05f18b6dd7ee06871be5d3b89e31
  Reveal-SDK: ccc2b0f8014965ea448b7534a7c2c8da232b75e8

PODFILE CHECKSUM: a0d7803bcd2dc4bdd85054d6358333c9fabf7885

COCOAPODS: 1.4.0
