PODS:
  - AXPhotoViewer/Core (1.4.3):
    - AXStateButton (>= 1.1.3)
    - FLAnimatedImage (>= 1.0.0)
    - FLAnimatedImage-tvOS (>= 1.0.16)
  - AXPhotoViewer/PINRemoteImage (1.4.3):
    - AXPhotoViewer/Core
    - PINRemoteImage (~> 3.0.0-beta.9)
  - AXStateButton (1.1.4)
  - DRPLoadingSpinner (1.3.1):
    - DRPLoadingSpinner/core (= 1.3.1)
  - DRPLoadingSpinner/core (1.3.1)
  - FLAnimatedImage (1.0.12)
  - PINCache (3.0.1-beta.6):
    - PINCache/Arc-exception-safe (= 3.0.1-beta.6)
    - PINCache/Core (= 3.0.1-beta.6)
  - PINCache/Arc-exception-safe (3.0.1-beta.6):
    - PINCache/Core
  - PINCache/Core (3.0.1-beta.6):
    - PINOperation (~> 1.1.0)
  - PINOperation (1.1.1)
  - PINRemoteImage (3.0.0-beta.13):
    - PINRemoteImage/FLAnimatedImage (= 3.0.0-beta.13)
    - PINRemoteImage/PINCache (= 3.0.0-beta.13)
  - PINRemoteImage/Core (3.0.0-beta.13):
    - PINOperation
  - PINRemoteImage/FLAnimatedImage (3.0.0-beta.13):
    - FLAnimatedImage (>= 1.0)
    - PINRemoteImage/Core
  - PINRemoteImage/PINCache (3.0.0-beta.13):
    - PINCache (= 3.0.1-beta.6)
    - PINRemoteImage/Core
  - Reveal-SDK (13)

DEPENDENCIES:
  - AXPhotoViewer/PINRemoteImage (from `../../AXPhotoViewer.podspec`)
  - DRPLoadingSpinner
  - PINRemoteImage (~> 3.0.0-beta.9)
  - Reveal-SDK

EXTERNAL SOURCES:
  AXPhotoViewer:
    :path: ../../AXPhotoViewer.podspec

SPEC CHECKSUMS:
  AXPhotoViewer: 67020010506dbc0a05499fac643ffa093ab8abcb
  AXStateButton: 6c515a433e37551505046429b5be04c12daa8c07
  DRPLoadingSpinner: 725e530bf4ebe2cc351b1fbc94d24fe8ac3300fd
  FLAnimatedImage: 4a0b56255d9b05f18b6dd7ee06871be5d3b89e31
  PINCache: d195fdba255283f7e9900a55e3cced377f431f9b
  PINOperation: a6219e6fc9db9c269eb7a7b871ac193bcf400aac
  PINRemoteImage: d6d51c5d2adda55f1ce30c96e850b6c4ebd2856a
  Reveal-SDK: ccc2b0f8014965ea448b7534a7c2c8da232b75e8

PODFILE CHECKSUM: 6f4a81711307afc468e5f3e553aeb2549b5e1280

COCOAPODS: 1.4.0
